
Microsoft Visual Studio Solution File, Format Version 12.00
# Visual Studio Version 16
VisualStudioVersion = 16.0.29025.244
MinimumVisualStudioVersion = 10.0.40219.1
Project("{FAE04EC0-301F-11D3-BF4B-00C04F79EFBC}") = "Fiap", "Fiap\Fiap.csproj", "{A696F75A-1004-4B81-8D48-A9C40C65EB29}"
EndProject
Global
	GlobalSection(SolutionConfigurationPlatforms) = preSolution
		Debug|Any CPU = Debug|Any CPU
		Release|Any CPU = Release|Any CPU
	EndGlobalSection
	GlobalSection(ProjectConfigurationPlatforms) = postSolution
		{A696F75A-1004-4B81-8D48-A9C40C65EB29}.Debug|Any CPU.ActiveCfg = Debug|Any CPU
		{A696F75A-1004-4B81-8D48-A9C40C65EB29}.Debug|Any CPU.Build.0 = Debug|Any CPU
		{A696F75A-1004-4B81-8D48-A9C40C65EB29}.Release|Any CPU.ActiveCfg = Release|Any CPU
		{A696F75A-1004-4B81-8D48-A9C40C65EB29}.Release|Any CPU.Build.0 = Release|Any CPU
	EndGlobalSection
	GlobalSection(SolutionProperties) = preSolution
		HideSolutionNode = FALSE
	EndGlobalSection
	GlobalSection(ExtensibilityGlobals) = postSolution
		SolutionGuid = {B729F821-46A5-418B-9468-9B31FFD96243}
	EndGlobalSection
EndGlobal
